
Microsoft Visual Studio Solution File, Format Version 12.00
# Visual Studio 15
VisualStudioVersion = 15.0.26730.16
MinimumVisualStudioVersion = 10.0.40219.1
Project("{8BC9CEB8-8B4A-11D0-8D11-00A0C91BC942}") = "Miles Per Gallon", "Miles Per Gallon\Miles Per Gallon.vcxproj", "{62D36B58-19B3-44DA-9B3A-DE2EC0F1A56F}"
EndProject
Global
	GlobalSection(SolutionConfigurationPlatforms) = preSolution
		Debug|x64 = Debug|x64
		Debug|x86 = Debug|x86
		Release|x64 = Release|x64
		Release|x86 = Release|x86
	EndGlobalSection
	GlobalSection(ProjectConfigurationPlatforms) = postSolution
		{62D36B58-19B3-44DA-9B3A-DE2EC0F1A56F}.Debug|x64.ActiveCfg = Debug|x64
		{62D36B58-19B3-44DA-9B3A-DE2EC0F1A56F}.Debug|x64.Build.0 = Debug|x64
		{62D36B58-19B3-44DA-9B3A-DE2EC0F1A56F}.Debug|x86.ActiveCfg = Debug|Win32
		{62D36B58-19B3-44DA-9B3A-DE2EC0F1A56F}.Debug|x86.Build.0 = Debug|Win32
		{62D36B58-19B3-44DA-9B3A-DE2EC0F1A56F}.Release|x64.ActiveCfg = Release|x64
		{62D36B58-19B3-44DA-9B3A-DE2EC0F1A56F}.Release|x64.Build.0 = Release|x64
		{62D36B58-19B3-44DA-9B3A-DE2EC0F1A56F}.Release|x86.ActiveCfg = Release|Win32
		{62D36B58-19B3-44DA-9B3A-DE2EC0F1A56F}.Release|x86.Build.0 = Release|Win32
	EndGlobalSection
	GlobalSection(SolutionProperties) = preSolution
		HideSolutionNode = FALSE
	EndGlobalSection
	GlobalSection(ExtensibilityGlobals) = postSolution
		SolutionGuid = {0E197F30-8B02-4F45-B7AA-85D875E2E8BC}
	EndGlobalSection
EndGlobal
